
Microsoft Visual Studio Solution File, Format Version 12.00
# Visual Studio Version 16
VisualStudioVersion = 16.0.30204.135
MinimumVisualStudioVersion = 10.0.40219.1
Project("{FAE04EC0-301F-11D3-BF4B-00C04F79EFBC}") = "ParksAPI", "ParksAPI\ParksAPI.csproj", "{5BE2229E-3F45-47FD-8482-EB57D1FBB4C2}"
EndProject
Global
	GlobalSection(SolutionConfigurationPlatforms) = preSolution
		Debug|Any CPU = Debug|Any CPU
		Release|Any CPU = Release|Any CPU
	EndGlobalSection
	GlobalSection(ProjectConfigurationPlatforms) = postSolution
		{5BE2229E-3F45-47FD-8482-EB57D1FBB4C2}.Debug|Any CPU.ActiveCfg = Debug|Any CPU
		{5BE2229E-3F45-47FD-8482-EB57D1FBB4C2}.Debug|Any CPU.Build.0 = Debug|Any CPU
		{5BE2229E-3F45-47FD-8482-EB57D1FBB4C2}.Release|Any CPU.ActiveCfg = Release|Any CPU
		{5BE2229E-3F45-47FD-8482-EB57D1FBB4C2}.Release|Any CPU.Build.0 = Release|Any CPU
	EndGlobalSection
	GlobalSection(SolutionProperties) = preSolution
		HideSolutionNode = FALSE
	EndGlobalSection
	GlobalSection(ExtensibilityGlobals) = postSolution
		SolutionGuid = {E0642590-008B-4B51-8893-5947BA9A310D}
	EndGlobalSection
EndGlobal
